// !$*UTF8*$!
{
	archiveVersion = 1;
	classes = {
	};
	objectVersion = 56;
	objects = {

/* Begin PBXBuildFile section */
		849490222A6BFC1200D0FD90 /* AppDelegate.swift in Sources */ = {isa = PBXBuildFile; fileRef = 849490212A6BFC1200D0FD90 /* AppDelegate.swift */; };
		849490242A6BFC1200D0FD90 /* SceneDelegate.swift in Sources */ = {isa = PBXBuildFile; fileRef = 849490232A6BFC1200D0FD90 /* SceneDelegate.swift */; };
		849490262A6BFC1200D0FD90 /* ViewController.swift in Sources */ = {isa = PBXBuildFile; fileRef = 849490252A6BFC1200D0FD90 /* ViewController.swift */; };
		849490292A6BFC1200D0FD90 /* Main.storyboard in Resources */ = {isa = PBXBuildFile; fileRef = 849490272A6BFC1200D0FD90 /* Main.storyboard */; };
		8494902B2A6BFC1300D0FD90 /* Assets.xcassets in Resources */ = {isa = PBXBuildFile; fileRef = 8494902A2A6BFC1300D0FD90 /* Assets.xcassets */; };
		8494902E2A6BFC1300D0FD90 /* LaunchScreen.storyboard in Resources */ = {isa = PBXBuildFile; fileRef = 8494902C2A6BFC1300D0FD90 /* LaunchScreen.storyboard */; };
		849490392A6BFC1400D0FD90 /* CounterTests.swift in Sources */ = {isa = PBXBuildFile; fileRef = 849490382A6BFC1400D0FD90 /* CounterTests.swift */; };
		849490432A6BFC1400D0FD90 /* CounterUITests.swift in Sources */ = {isa = PBXBuildFile; fileRef = 849490422A6BFC1400D0FD90 /* CounterUITests.swift */; };
		849490452A6BFC1400D0FD90 /* CounterUITestsLaunchTests.swift in Sources */ = {isa = PBXBuildFile; fileRef = 849490442A6BFC1400D0FD90 /* CounterUITestsLaunchTests.swift */; };
/* End PBXBuildFile section */

/* Begin PBXContainerItemProxy section */
		849490352A6BFC1400D0FD90 /* PBXContainerItemProxy */ = {
			isa = PBXContainerItemProxy;
			containerPortal = 849490162A6BFC1200D0FD90 /* Project object */;
			proxyType = 1;
			remoteGlobalIDString = 8494901D2A6BFC1200D0FD90;
			remoteInfo = Counter;
		};
		8494903F2A6BFC1400D0FD90 /* PBXContainerItemProxy */ = {
			isa = PBXContainerItemProxy;
			containerPortal = 849490162A6BFC1200D0FD90 /* Project object */;
			proxyType = 1;
			remoteGlobalIDString = 8494901D2A6BFC1200D0FD90;
			remoteInfo = Counter;
		};
/* End PBXContainerItemProxy section */

/* Begin PBXFileReference section */
		8494901E2A6BFC1200D0FD90 /* Counter.app */ = {isa = PBXFileReference; explicitFileType = wrapper.application; includeInIndex = 0; path = Counter.app; sourceTree = BUILT_PRODUCTS_DIR; };
		849490212A6BFC1200D0FD90 /* AppDelegate.swift */ = {isa = PBXFileReference; lastKnownFileType = sourcecode.swift; path = AppDelegate.swift; sourceTree = "<group>"; };
		849490232A6BFC1200D0FD90 /* SceneDelegate.swift */ = {isa = PBXFileReference; lastKnownFileType = sourcecode.swift; path = SceneDelegate.swift; sourceTree = "<group>"; };
		849490252A6BFC1200D0FD90 /* ViewController.swift */ = {isa = PBXFileReference; lastKnownFileType = sourcecode.swift; path = ViewController.swift; sourceTree = "<group>"; };
		849490282A6BFC1200D0FD90 /* Base */ = {isa = PBXFileReference; lastKnownFileType = file.storyboard; name = Base; path = Base.lproj/Main.storyboard; sourceTree = "<group>"; };
		8494902A2A6BFC1300D0FD90 /* Assets.xcassets */ = {isa = PBXFileReference; lastKnownFileType = folder.assetcatalog; path = Assets.xcassets; sourceTree = "<group>"; };
		8494902D2A6BFC1300D0FD90 /* Base */ = {isa = PBXFileReference; lastKnownFileType = file.storyboard; name = Base; path = Base.lproj/LaunchScreen.storyboard; sourceTree = "<group>"; };
		8494902F2A6BFC1300D0FD90 /* Info.plist */ = {isa = PBXFileReference; lastKnownFileType = text.plist.xml; path = Info.plist; sourceTree = "<group>"; };
		849490342A6BFC1400D0FD90 /* CounterTests.xctest */ = {isa = PBXFileReference; explicitFileType = wrapper.cfbundle; includeInIndex = 0; path = CounterTests.xctest; sourceTree = BUILT_PRODUCTS_DIR; };
		849490382A6BFC1400D0FD90 /* CounterTests.swift */ = {isa = PBXFileReference; lastKnownFileType = sourcecode.swift; path = CounterTests.swift; sourceTree = "<group>"; };
		8494903E2A6BFC1400D0FD90 /* CounterUITests.xctest */ = {isa = PBXFileReference; explicitFileType = wrapper.cfbundle; includeInIndex = 0; path = CounterUITests.xctest; sourceTree = BUILT_PRODUCTS_DIR; };
		849490422A6BFC1400D0FD90 /* CounterUITests.swift */ = {isa = PBXFileReference; lastKnownFileType = sourcecode.swift; path = CounterUITests.swift; sourceTree = "<group>"; };
		849490442A6BFC1400D0FD90 /* CounterUITestsLaunchTests.swift */ = {isa = PBXFileReference; lastKnownFileType = sourcecode.swift; path = CounterUITestsLaunchTests.swift; sourceTree = "<group>"; };
/* End PBXFileReference section */

/* Begin PBXFrameworksBuildPhase section */
		8494901B2A6BFC1200D0FD90 /* Frameworks */ = {
			isa = PBXFrameworksBuildPhase;
			buildActionMask = 2147483647;
			files = (
			);
			runOnlyForDeploymentPostprocessing = 0;
		};
		849490312A6BFC1400D0FD90 /* Frameworks */ = {
			isa = PBXFrameworksBuildPhase;
			buildActionMask = 2147483647;
			files = (
			);
			runOnlyForDeploymentPostprocessing = 0;
		};
		8494903B2A6BFC1400D0FD90 /* Frameworks */ = {
			isa = PBXFrameworksBuildPhase;
			buildActionMask = 2147483647;
			files = (
			);
			runOnlyForDeploymentPostprocessing = 0;
		};
/* End PBXFrameworksBuildPhase section */

/* Begin PBXGroup section */
		849490152A6BFC1200D0FD90 = {
			isa = PBXGroup;
			children = (
				849490202A6BFC1200D0FD90 /* Counter */,
				849490372A6BFC1400D0FD90 /* CounterTests */,
				849490412A6BFC1400D0FD90 /* CounterUITests */,
				8494901F2A6BFC1200D0FD90 /* Products */,
			);
			sourceTree = "<group>";
		};
		8494901F2A6BFC1200D0FD90 /* Products */ = {
			isa = PBXGroup;
			children = (
				8494901E2A6BFC1200D0FD90 /* Counter.app */,
				849490342A6BFC1400D0FD90 /* CounterTests.xctest */,
				8494903E2A6BFC1400D0FD90 /* CounterUITests.xctest */,
			);
			name = Products;
			sourceTree = "<group>";
		};
		849490202A6BFC1200D0FD90 /* Counter */ = {
			isa = PBXGroup;
			children = (
				849490212A6BFC1200D0FD90 /* AppDelegate.swift */,
				849490232A6BFC1200D0FD90 /* SceneDelegate.swift */,
				849490252A6BFC1200D0FD90 /* ViewController.swift */,
				849490272A6BFC1200D0FD90 /* Main.storyboard */,
				8494902A2A6BFC1300D0FD90 /* Assets.xcassets */,
				8494902C2A6BFC1300D0FD90 /* LaunchScreen.storyboard */,
				8494902F2A6BFC1300D0FD90 /* Info.plist */,
			);
			path = Counter;
			sourceTree = "<group>";
		};
		849490372A6BFC1400D0FD90 /* CounterTests */ = {
			isa = PBXGroup;
			children = (
				849490382A6BFC1400D0FD90 /* CounterTests.swift */,
			);
			path = CounterTests;
			sourceTree = "<group>";
		};
		849490412A6BFC1400D0FD90 /* CounterUITests */ = {
			isa = PBXGroup;
			children = (
				849490422A6BFC1400D0FD90 /* CounterUITests.swift */,
				849490442A6BFC1400D0FD90 /* CounterUITestsLaunchTests.swift */,
			);
			path = CounterUITests;
			sourceTree = "<group>";
		};
/* End PBXGroup section */

/* Begin PBXNativeTarget section */
		8494901D2A6BFC1200D0FD90 /* Counter */ = {
			isa = PBXNativeTarget;
			buildConfigurationList = 849490482A6BFC1400D0FD90 /* Build configuration list for PBXNativeTarget "Counter" */;
			buildPhases = (
				8494901A2A6BFC1200D0FD90 /* Sources */,
				8494901B2A6BFC1200D0FD90 /* Frameworks */,
				8494901C2A6BFC1200D0FD90 /* Resources */,
			);
			buildRules = (
			);
			dependencies = (
			);
			name = Counter;
			productName = Counter;
			productReference = 8494901E2A6BFC1200D0FD90 /* Counter.app */;
			productType = "com.apple.product-type.application";
		};
		849490332A6BFC1400D0FD90 /* CounterTests */ = {
			isa = PBXNativeTarget;
			buildConfigurationList = 8494904B2A6BFC1400D0FD90 /* Build configuration list for PBXNativeTarget "CounterTests" */;
			buildPhases = (
				849490302A6BFC1400D0FD90 /* Sources */,
				849490312A6BFC1400D0FD90 /* Frameworks */,
				849490322A6BFC1400D0FD90 /* Resources */,
			);
			buildRules = (
			);
			dependencies = (
				849490362A6BFC1400D0FD90 /* PBXTargetDependency */,
			);
			name = CounterTests;
			productName = CounterTests;
			productReference = 849490342A6BFC1400D0FD90 /* CounterTests.xctest */;
			productType = "com.apple.product-type.bundle.unit-test";
		};
		8494903D2A6BFC1400D0FD90 /* CounterUITests */ = {
			isa = PBXNativeTarget;
			buildConfigurationList = 8494904E2A6BFC1400D0FD90 /* Build configuration list for PBXNativeTarget "CounterUITests" */;
			buildPhases = (
				8494903A2A6BFC1400D0FD90 /* Sources */,
				8494903B2A6BFC1400D0FD90 /* Frameworks */,
				8494903C2A6BFC1400D0FD90 /* Resources */,
			);
			buildRules = (
			);
			dependencies = (
				849490402A6BFC1400D0FD90 /* PBXTargetDependency */,
			);
			name = CounterUITests;
			productName = CounterUITests;
			productReference = 8494903E2A6BFC1400D0FD90 /* CounterUITests.xctest */;
			productType = "com.apple.product-type.bundle.ui-testing";
		};
/* End PBXNativeTarget section */

/* Begin PBXProject section */
		849490162A6BFC1200D0FD90 /* Project object */ = {
			isa = PBXProject;
			attributes = {
				BuildIndependentTargetsInParallel = 1;
				LastSwiftUpdateCheck = 1430;
				LastUpgradeCheck = 1430;
				TargetAttributes = {
					8494901D2A6BFC1200D0FD90 = {
						CreatedOnToolsVersion = 14.3;
					};
					849490332A6BFC1400D0FD90 = {
						CreatedOnToolsVersion = 14.3;
						TestTargetID = 8494901D2A6BFC1200D0FD90;
					};
					8494903D2A6BFC1400D0FD90 = {
						CreatedOnToolsVersion = 14.3;
						TestTargetID = 8494901D2A6BFC1200D0FD90;
					};
				};
			};
			buildConfigurationList = 849490192A6BFC1200D0FD90 /* Build configuration list for PBXProject "Counter" */;
			compatibilityVersion = "Xcode 14.0";
			developmentRegion = en;
			hasScannedForEncodings = 0;
			knownRegions = (
				en,
				Base,
			);
			mainGroup = 849490152A6BFC1200D0FD90;
			productRefGroup = 8494901F2A6BFC1200D0FD90 /* Products */;
			projectDirPath = "";
			projectRoot = "";
			targets = (
				8494901D2A6BFC1200D0FD90 /* Counter */,
				849490332A6BFC1400D0FD90 /* CounterTests */,
				8494903D2A6BFC1400D0FD90 /* CounterUITests */,
			);
		};
/* End PBXProject section */

/* Begin PBXResourcesBuildPhase section */
		8494901C2A6BFC1200D0FD90 /* Resources */ = {
			isa = PBXResourcesBuildPhase;
			buildActionMask = 2147483647;
			files = (
				8494902E2A6BFC1300D0FD90 /* LaunchScreen.storyboard in Resources */,
				8494902B2A6BFC1300D0FD90 /* Assets.xcassets in Resources */,
				849490292A6BFC1200D0FD90 /* Main.storyboard in Resources */,
			);
			runOnlyForDeploymentPostprocessing = 0;
		};
		849490322A6BFC1400D0FD90 /* Resources */ = {
			isa = PBXResourcesBuildPhase;
			buildActionMask = 2147483647;
			files = (
			);
			runOnlyForDeploymentPostprocessing = 0;
		};
		8494903C2A6BFC1400D0FD90 /* Resources */ = {
			isa = PBXResourcesBuildPhase;
			buildActionMask = 2147483647;
			files = (
			);
			runOnlyForDeploymentPostprocessing = 0;
		};
/* End PBXResourcesBuildPhase section */

/* Begin PBXSourcesBuildPhase section */
		8494901A2A6BFC1200D0FD90 /* Sources */ = {
			isa = PBXSourcesBuildPhase;
			buildActionMask = 2147483647;
			files = (
				849490262A6BFC1200D0FD90 /* ViewController.swift in Sources */,
				849490222A6BFC1200D0FD90 /* AppDelegate.swift in Sources */,
				849490242A6BFC1200D0FD90 /* SceneDelegate.swift in Sources */,
			);
			runOnlyForDeploymentPostprocessing = 0;
		};
		849490302A6BFC1400D0FD90 /* Sources */ = {
			isa = PBXSourcesBuildPhase;
			buildActionMask = 2147483647;
			files = (
				849490392A6BFC1400D0FD90 /* CounterTests.swift in Sources */,
			);
			runOnlyForDeploymentPostprocessing = 0;
		};
		8494903A2A6BFC1400D0FD90 /* Sources */ = {
			isa = PBXSourcesBuildPhase;
			buildActionMask = 2147483647;
			files = (
				849490432A6BFC1400D0FD90 /* CounterUITests.swift in Sources */,
				849490452A6BFC1400D0FD90 /* CounterUITestsLaunchTests.swift in Sources */,
			);
			runOnlyForDeploymentPostprocessing = 0;
		};
/* End PBXSourcesBuildPhase section */

/* Begin PBXTargetDependency section */
		849490362A6BFC1400D0FD90 /* PBXTargetDependency */ = {
			isa = PBXTargetDependency;
			target = 8494901D2A6BFC1200D0FD90 /* Counter */;
			targetProxy = 849490352A6BFC1400D0FD90 /* PBXContainerItemProxy */;
		};
		849490402A6BFC1400D0FD90 /* PBXTargetDependency */ = {
			isa = PBXTargetDependency;
			target = 8494901D2A6BFC1200D0FD90 /* Counter */;
			targetProxy = 8494903F2A6BFC1400D0FD90 /* PBXContainerItemProxy */;
		};
/* End PBXTargetDependency section */

/* Begin PBXVariantGroup section */
		849490272A6BFC1200D0FD90 /* Main.storyboard */ = {
			isa = PBXVariantGroup;
			children = (
				849490282A6BFC1200D0FD90 /* Base */,
			);
			name = Main.storyboard;
			sourceTree = "<group>";
		};
		8494902C2A6BFC1300D0FD90 /* LaunchScreen.storyboard */ = {
			isa = PBXVariantGroup;
			children = (
				8494902D2A6BFC1300D0FD90 /* Base */,
			);
			name = LaunchScreen.storyboard;
			sourceTree = "<group>";
		};
/* End PBXVariantGroup section */

/* Begin XCBuildConfiguration section */
		849490462A6BFC1400D0FD90 /* Debug */ = {
			isa = XCBuildConfiguration;
			buildSettings = {
				ALWAYS_SEARCH_USER_PATHS = NO;
				CLANG_ANALYZER_NONNULL = YES;
				CLANG_ANALYZER_NUMBER_OBJECT_CONVERSION = YES_AGGRESSIVE;
				CLANG_CXX_LANGUAGE_STANDARD = "gnu++20";
				CLANG_ENABLE_MODULES = YES;
				CLANG_ENABLE_OBJC_ARC = YES;
				CLANG_ENABLE_OBJC_WEAK = YES;
				CLANG_WARN_BLOCK_CAPTURE_AUTORELEASING = YES;
				CLANG_WARN_BOOL_CONVERSION = YES;
				CLANG_WARN_COMMA = YES;
				CLANG_WARN_CONSTANT_CONVERSION = YES;
				CLANG_WARN_DEPRECATED_OBJC_IMPLEMENTATIONS = YES;
				CLANG_WARN_DIRECT_OBJC_ISA_USAGE = YES_ERROR;
				CLANG_WARN_DOCUMENTATION_COMMENTS = YES;
				CLANG_WARN_EMPTY_BODY = YES;
				CLANG_WARN_ENUM_CONVERSION = YES;
				CLANG_WARN_INFINITE_RECURSION = YES;
				CLANG_WARN_INT_CONVERSION = YES;
				CLANG_WARN_NON_LITERAL_NULL_CONVERSION = YES;
				CLANG_WARN_OBJC_IMPLICIT_RETAIN_SELF = YES;
				CLANG_WARN_OBJC_LITERAL_CONVERSION = YES;
				CLANG_WARN_OBJC_ROOT_CLASS = YES_ERROR;
				CLANG_WARN_QUOTED_INCLUDE_IN_FRAMEWORK_HEADER = YES;
				CLANG_WARN_RANGE_LOOP_ANALYSIS = YES;
				CLANG_WARN_STRICT_PROTOTYPES = YES;
				CLANG_WARN_SUSPICIOUS_MOVE = YES;
				CLANG_WARN_UNGUARDED_AVAILABILITY = YES_AGGRESSIVE;
				CLANG_WARN_UNREACHABLE_CODE = YES;
				CLANG_WARN__DUPLICATE_METHOD_MATCH = YES;
				COPY_PHASE_STRIP = NO;
				DEBUG_INFORMATION_FORMAT = dwarf;
				ENABLE_STRICT_OBJC_MSGSEND = YES;
				ENABLE_TESTABILITY = YES;
				GCC_C_LANGUAGE_STANDARD = gnu11;
				GCC_DYNAMIC_NO_PIC = NO;
				GCC_NO_COMMON_BLOCKS = YES;
				GCC_OPTIMIZATION_LEVEL = 0;
				GCC_PREPROCESSOR_DEFINITIONS = (
					"DEBUG=1",
					"$(inherited)",
				);
				GCC_WARN_64_TO_32_BIT_CONVERSION = YES;
				GCC_WARN_ABOUT_RETURN_TYPE = YES_ERROR;
				GCC_WARN_UNDECLARED_SELECTOR = YES;
				GCC_WARN_UNINITIALIZED_AUTOS = YES_AGGRESSIVE;
				GCC_WARN_UNUSED_FUNCTION = YES;
				GCC_WARN_UNUSED_VARIABLE = YES;
				IPHONEOS_DEPLOYMENT_TARGET = 16.4;
				MTL_ENABLE_DEBUG_INFO = INCLUDE_SOURCE;
				MTL_FAST_MATH = YES;
				ONLY_ACTIVE_ARCH = YES;
				SDKROOT = iphoneos;
				SWIFT_ACTIVE_COMPILATION_CONDITIONS = DEBUG;
				SWIFT_OPTIMIZATION_LEVEL = "-Onone";
			};
			name = Debug;
		};
		849490472A6BFC1400D0FD90 /* Release */ = {
			isa = XCBuildConfiguration;
			buildSettings = {
				ALWAYS_SEARCH_USER_PATHS = NO;
				CLANG_ANALYZER_NONNULL = YES;
				CLANG_ANALYZER_NUMBER_OBJECT_CONVERSION = YES_AGGRESSIVE;
				CLANG_CXX_LANGUAGE_STANDARD = "gnu++20";
				CLANG_ENABLE_MODULES = YES;
				CLANG_ENABLE_OBJC_ARC = YES;
				CLANG_ENABLE_OBJC_WEAK = YES;
				CLANG_WARN_BLOCK_CAPTURE_AUTORELEASING = YES;
				CLANG_WARN_BOOL_CONVERSION = YES;
				CLANG_WARN_COMMA = YES;
				CLANG_WARN_CONSTANT_CONVERSION = YES;
				CLANG_WARN_DEPRECATED_OBJC_IMPLEMENTATIONS = YES;
				CLANG_WARN_DIRECT_OBJC_ISA_USAGE = YES_ERROR;
				CLANG_WARN_DOCUMENTATION_COMMENTS = YES;
				CLANG_WARN_EMPTY_BODY = YES;
				CLANG_WARN_ENUM_CONVERSION = YES;
				CLANG_WARN_INFINITE_RECURSION = YES;
				CLANG_WARN_INT_CONVERSION = YES;
				CLANG_WARN_NON_LITERAL_NULL_CONVERSION = YES;
				CLANG_WARN_OBJC_IMPLICIT_RETAIN_SELF = YES;
				CLANG_WARN_OBJC_LITERAL_CONVERSION = YES;
				CLANG_WARN_OBJC_ROOT_CLASS = YES_ERROR;
				CLANG_WARN_QUOTED_INCLUDE_IN_FRAMEWORK_HEADER = YES;
				CLANG_WARN_RANGE_LOOP_ANALYSIS = YES;
				CLANG_WARN_STRICT_PROTOTYPES = YES;
				CLANG_WARN_SUSPICIOUS_MOVE = YES;
				CLANG_WARN_UNGUARDED_AVAILABILITY = YES_AGGRESSIVE;
				CLANG_WARN_UNREACHABLE_CODE = YES;
				CLANG_WARN__DUPLICATE_METHOD_MATCH = YES;
				COPY_PHASE_STRIP = NO;
				DEBUG_INFORMATION_FORMAT = "dwarf-with-dsym";
				ENABLE_NS_ASSERTIONS = NO;
				ENABLE_STRICT_OBJC_MSGSEND = YES;
				GCC_C_LANGUAGE_STANDARD = gnu11;
				GCC_NO_COMMON_BLOCKS = YES;
				GCC_WARN_64_TO_32_BIT_CONVERSION = YES;
				GCC_WARN_ABOUT_RETURN_TYPE = YES_ERROR;
				GCC_WARN_UNDECLARED_SELECTOR = YES;
				GCC_WARN_UNINITIALIZED_AUTOS = YES_AGGRESSIVE;
				GCC_WARN_UNUSED_FUNCTION = YES;
				GCC_WARN_UNUSED_VARIABLE = YES;
				IPHONEOS_DEPLOYMENT_TARGET = 16.4;
				MTL_ENABLE_DEBUG_INFO = NO;
				MTL_FAST_MATH = YES;
				SDKROOT = iphoneos;
				SWIFT_COMPILATION_MODE = wholemodule;
				SWIFT_OPTIMIZATION_LEVEL = "-O";
				VALIDATE_PRODUCT = YES;
			};
			name = Release;
		};
		849490492A6BFC1400D0FD90 /* Debug */ = {
			isa = XCBuildConfiguration;
			buildSettings = {
				ASSETCATALOG_COMPILER_APPICON_NAME = AppIcon;
				ASSETCATALOG_COMPILER_GLOBAL_ACCENT_COLOR_NAME = AccentColor;
				CODE_SIGN_STYLE = Automatic;
				CURRENT_PROJECT_VERSION = 1;
				GENERATE_INFOPLIST_FILE = YES;
				INFOPLIST_FILE = Counter/Info.plist;
				INFOPLIST_KEY_UIApplicationSupportsIndirectInputEvents = YES;
				INFOPLIST_KEY_UILaunchStoryboardName = LaunchScreen;
				INFOPLIST_KEY_UIMainStoryboardFile = Main;
				INFOPLIST_KEY_UISupportedInterfaceOrientations_iPad = "UIInterfaceOrientationPortrait UIInterfaceOrientationPortraitUpsideDown UIInterfaceOrientationLandscapeLeft UIInterfaceOrientationLandscapeRight";
				INFOPLIST_KEY_UISupportedInterfaceOrientations_iPhone = "UIInterfaceOrientationPortrait UIInterfaceOrientationLandscapeLeft UIInterfaceOrientationLandscapeRight";
				LD_RUNPATH_SEARCH_PATHS = (
					"$(inherited)",
					"@executable_path/Frameworks",
				);
				MARKETING_VERSION = 1.0;
				PRODUCT_BUNDLE_IDENTIFIER = test.Counter;
				PRODUCT_NAME = "$(TARGET_NAME)";
				SWIFT_EMIT_LOC_STRINGS = YES;
				SWIFT_VERSION = 5.0;
				TARGETED_DEVICE_FAMILY = "1,2";
			};
			name = Debug;
		};
		8494904A2A6BFC1400D0FD90 /* Release */ = {
			isa = XCBuildConfiguration;
			buildSettings = {
				ASSETCATALOG_COMPILER_APPICON_NAME = AppIcon;
				ASSETCATALOG_COMPILER_GLOBAL_ACCENT_COLOR_NAME = AccentColor;
				CODE_SIGN_STYLE = Automatic;
				CURRENT_PROJECT_VERSION = 1;
				GENERATE_INFOPLIST_FILE = YES;
				INFOPLIST_FILE = Counter/Info.plist;
				INFOPLIST_KEY_UIApplicationSupportsIndirectInputEvents = YES;
				INFOPLIST_KEY_UILaunchStoryboardName = LaunchScreen;
				INFOPLIST_KEY_UIMainStoryboardFile = Main;
				INFOPLIST_KEY_UISupportedInterfaceOrientations_iPad = "UIInterfaceOrientationPortrait UIInterfaceOrientationPortraitUpsideDown UIInterfaceOrientationLandscapeLeft UIInterfaceOrientationLandscapeRight";
				INFOPLIST_KEY_UISupportedInterfaceOrientations_iPhone = "UIInterfaceOrientationPortrait UIInterfaceOrientationLandscapeLeft UIInterfaceOrientationLandscapeRight";
				LD_RUNPATH_SEARCH_PATHS = (
					"$(inherited)",
					"@executable_path/Frameworks",
				);
				MARKETING_VERSION = 1.0;
				PRODUCT_BUNDLE_IDENTIFIER = test.Counter;
				PRODUCT_NAME = "$(TARGET_NAME)";
				SWIFT_EMIT_LOC_STRINGS = YES;
				SWIFT_VERSION = 5.0;
				TARGETED_DEVICE_FAMILY = "1,2";
			};
			name = Release;
		};
		8494904C2A6BFC1400D0FD90 /* Debug */ = {
			isa = XCBuildConfiguration;
			buildSettings = {
				ALWAYS_EMBED_SWIFT_STANDARD_LIBRARIES = YES;
				BUNDLE_LOADER = "$(TEST_HOST)";
				CODE_SIGN_STYLE = Automatic;
				CURRENT_PROJECT_VERSION = 1;
				GENERATE_INFOPLIST_FILE = YES;
				IPHONEOS_DEPLOYMENT_TARGET = 16.4;
				MARKETING_VERSION = 1.0;
				PRODUCT_BUNDLE_IDENTIFIER = test.CounterTests;
				PRODUCT_NAME = "$(TARGET_NAME)";
				SWIFT_EMIT_LOC_STRINGS = NO;
				SWIFT_VERSION = 5.0;
				TARGETED_DEVICE_FAMILY = "1,2";
				TEST_HOST = "$(BUILT_PRODUCTS_DIR)/Counter.app/$(BUNDLE_EXECUTABLE_FOLDER_PATH)/Counter";
			};
			name = Debug;
		};
		8494904D2A6BFC1400D0FD90 /* Release */ = {
			isa = XCBuildConfiguration;
			buildSettings = {
				ALWAYS_EMBED_SWIFT_STANDARD_LIBRARIES = YES;
				BUNDLE_LOADER = "$(TEST_HOST)";
				CODE_SIGN_STYLE = Automatic;
				CURRENT_PROJECT_VERSION = 1;
				GENERATE_INFOPLIST_FILE = YES;
				IPHONEOS_DEPLOYMENT_TARGET = 16.4;
				MARKETING_VERSION = 1.0;
				PRODUCT_BUNDLE_IDENTIFIER = test.CounterTests;
				PRODUCT_NAME = "$(TARGET_NAME)";
				SWIFT_EMIT_LOC_STRINGS = NO;
				SWIFT_VERSION = 5.0;
				TARGETED_DEVICE_FAMILY = "1,2";
				TEST_HOST = "$(BUILT_PRODUCTS_DIR)/Counter.app/$(BUNDLE_EXECUTABLE_FOLDER_PATH)/Counter";
			};
			name = Release;
		};
		8494904F2A6BFC1400D0FD90 /* Debug */ = {
			isa = XCBuildConfiguration;
			buildSettings = {
				ALWAYS_EMBED_SWIFT_STANDARD_LIBRARIES = YES;
				CODE_SIGN_STYLE = Automatic;
				CURRENT_PROJECT_VERSION = 1;
				GENERATE_INFOPLIST_FILE = YES;
				MARKETING_VERSION = 1.0;
				PRODUCT_BUNDLE_IDENTIFIER = test.CounterUITests;
				PRODUCT_NAME = "$(TARGET_NAME)";
				SWIFT_EMIT_LOC_STRINGS = NO;
				SWIFT_VERSION = 5.0;
				TARGETED_DEVICE_FAMILY = "1,2";
				TEST_TARGET_NAME = Counter;
			};
			name = Debug;
		};
		849490502A6BFC1400D0FD90 /* Release */ = {
			isa = XCBuildConfiguration;
			buildSettings = {
				ALWAYS_EMBED_SWIFT_STANDARD_LIBRARIES = YES;
				CODE_SIGN_STYLE = Automatic;
				CURRENT_PROJECT_VERSION = 1;
				GENERATE_INFOPLIST_FILE = YES;
				MARKETING_VERSION = 1.0;
				PRODUCT_BUNDLE_IDENTIFIER = test.CounterUITests;
				PRODUCT_NAME = "$(TARGET_NAME)";
				SWIFT_EMIT_LOC_STRINGS = NO;
				SWIFT_VERSION = 5.0;
				TARGETED_DEVICE_FAMILY = "1,2";
				TEST_TARGET_NAME = Counter;
			};
			name = Release;
		};
/* End XCBuildConfiguration section */

/* Begin XCConfigurationList section */
		849490192A6BFC1200D0FD90 /* Build configuration list for PBXProject "Counter" */ = {
			isa = XCConfigurationList;
			buildConfigurations = (
				849490462A6BFC1400D0FD90 /* Debug */,
				849490472A6BFC1400D0FD90 /* Release */,
			);
			defaultConfigurationIsVisible = 0;
			defaultConfigurationName = Release;
		};
		849490482A6BFC1400D0FD90 /* Build configuration list for PBXNativeTarget "Counter" */ = {
			isa = XCConfigurationList;
			buildConfigurations = (
				849490492A6BFC1400D0FD90 /* Debug */,
				8494904A2A6BFC1400D0FD90 /* Release */,
			);
			defaultConfigurationIsVisible = 0;
			defaultConfigurationName = Release;
		};
		8494904B2A6BFC1400D0FD90 /* Build configuration list for PBXNativeTarget "CounterTests" */ = {
			isa = XCConfigurationList;
			buildConfigurations = (
				8494904C2A6BFC1400D0FD90 /* Debug */,
				8494904D2A6BFC1400D0FD90 /* Release */,
			);
			defaultConfigurationIsVisible = 0;
			defaultConfigurationName = Release;
		};
		8494904E2A6BFC1400D0FD90 /* Build configuration list for PBXNativeTarget "CounterUITests" */ = {
			isa = XCConfigurationList;
			buildConfigurations = (
				8494904F2A6BFC1400D0FD90 /* Debug */,
				849490502A6BFC1400D0FD90 /* Release */,
			);
			defaultConfigurationIsVisible = 0;
			defaultConfigurationName = Release;
		};
/* End XCConfigurationList section */
	};
	rootObject = 849490162A6BFC1200D0FD90 /* Project object */;
}
